
Microsoft Visual Studio Solution File, Format Version 12.00
# Visual Studio Version 17
VisualStudioVersion = 17.6.33815.320
MinimumVisualStudioVersion = 10.0.40219.1
Project("{2150E333-8FDC-42A3-9474-1A3956D46DE8}") = "1-Presentation", "1-Presentation", "{34F089FD-12BA-4C65-A6BF-E7C1B8DF01E4}"
EndProject
Project("{2150E333-8FDC-42A3-9474-1A3956D46DE8}") = "2-Application", "2-Application", "{7044ECA3-5B97-462E-9D6E-D181465D8DEF}"
EndProject
Project("{2150E333-8FDC-42A3-9474-1A3956D46DE8}") = "3-Domain", "3-Domain", "{EF689C42-FED4-44EE-A8CB-9C3B7E065EDF}"
EndProject
Project("{2150E333-8FDC-42A3-9474-1A3956D46DE8}") = "4-Infrastructure", "4-Infrastructure", "{FBEEA4A7-D144-457F-8131-984D1A84B4DD}"
EndProject
Project("{2150E333-8FDC-42A3-9474-1A3956D46DE8}") = "5-Crosscutting", "5-Crosscutting", "{25B3BE1E-2AFC-42D5-865E-6780594DFDCD}"
EndProject
Project("{2150E333-8FDC-42A3-9474-1A3956D46DE8}") = "1.1-API", "1.1-API", "{5BC5EED2-B698-4C18-A843-1F3F6D07E576}"
EndProject
Project("{2150E333-8FDC-42A3-9474-1A3956D46DE8}") = "src", "src", "{3CDA70F7-81D5-4FAB-9401-B202ECE013BF}"
EndProject
Project("{9A19103F-16F7-4668-BE54-9A1E7A4F7556}") = "TestLambda3.WorldCup.Presentation.API", "src\1-Presentation\1.1-API\TestLambda3.CopaMundo.Presentation.API\TestLambda3.WorldCup.Presentation.API.csproj", "{0E8FE3FE-0E70-46C0-BDFF-AD944B1CCC13}"
EndProject
Project("{2150E333-8FDC-42A3-9474-1A3956D46DE8}") = "5.1-Ioc", "5.1-Ioc", "{D860857E-B092-46FC-8D5E-98DE065928EB}"
EndProject
Project("{2150E333-8FDC-42A3-9474-1A3956D46DE8}") = "4.1-Repository", "4.1-Repository", "{B7C944E0-4A94-4327-8B6C-65CB435541C3}"
EndProject
Project("{2150E333-8FDC-42A3-9474-1A3956D46DE8}") = "3.1-Service", "3.1-Service", "{EDC663C7-8432-4D5B-B0BC-2E815E58B014}"
EndProject
Project("{9A19103F-16F7-4668-BE54-9A1E7A4F7556}") = "TestLambda3.WorldCup.Domain", "src\3-Domain\3.1-Service\TestLambda3.WorldCup.Service\TestLambda3.WorldCup.Domain.csproj", "{2C16FF04-6844-4DC7-A86E-E496A40DF34A}"
EndProject
Project("{2150E333-8FDC-42A3-9474-1A3956D46DE8}") = "2.1 - App", "2.1 - App", "{E5046CE3-3E93-4136-864E-27F6BF5C684C}"
EndProject
Project("{9A19103F-16F7-4668-BE54-9A1E7A4F7556}") = "TestLambda3.WorldCup.Application", "src\2-Application\2.1-App\TestLambda3.WorldCup.Application\TestLambda3.WorldCup.Application.csproj", "{A66291F9-90C8-4C2F-B2BF-C508067E5CCB}"
EndProject
Project("{9A19103F-16F7-4668-BE54-9A1E7A4F7556}") = "TestLambda3.WorldCup.Ioc", "src\5-Crosscutting\5.1-Ioc\TestLambda3.WorldCup.Ioc\TestLambda3.WorldCup.Ioc.csproj", "{A6877525-B176-40FC-A5B4-B68D7AA75889}"
EndProject
Project("{9A19103F-16F7-4668-BE54-9A1E7A4F7556}") = "TestLambda3.WorldCup.Infrastructure", "src\4-Infrastructure\4.1-Infra\TestLambda3.WorldCup.Infrastructure\TestLambda3.WorldCup.Infrastructure.csproj", "{1CBC9810-B032-4B93-9696-D3768735E8B6}"
EndProject
Global
	GlobalSection(SolutionConfigurationPlatforms) = preSolution
		Debug|Any CPU = Debug|Any CPU
		Release|Any CPU = Release|Any CPU
	EndGlobalSection
	GlobalSection(ProjectConfigurationPlatforms) = postSolution
		{0E8FE3FE-0E70-46C0-BDFF-AD944B1CCC13}.Debug|Any CPU.ActiveCfg = Debug|Any CPU
		{0E8FE3FE-0E70-46C0-BDFF-AD944B1CCC13}.Debug|Any CPU.Build.0 = Debug|Any CPU
		{0E8FE3FE-0E70-46C0-BDFF-AD944B1CCC13}.Release|Any CPU.ActiveCfg = Release|Any CPU
		{0E8FE3FE-0E70-46C0-BDFF-AD944B1CCC13}.Release|Any CPU.Build.0 = Release|Any CPU
		{2C16FF04-6844-4DC7-A86E-E496A40DF34A}.Debug|Any CPU.ActiveCfg = Debug|Any CPU
		{2C16FF04-6844-4DC7-A86E-E496A40DF34A}.Debug|Any CPU.Build.0 = Debug|Any CPU
		{2C16FF04-6844-4DC7-A86E-E496A40DF34A}.Release|Any CPU.ActiveCfg = Release|Any CPU
		{2C16FF04-6844-4DC7-A86E-E496A40DF34A}.Release|Any CPU.Build.0 = Release|Any CPU
		{A66291F9-90C8-4C2F-B2BF-C508067E5CCB}.Debug|Any CPU.ActiveCfg = Debug|Any CPU
		{A66291F9-90C8-4C2F-B2BF-C508067E5CCB}.Debug|Any CPU.Build.0 = Debug|Any CPU
		{A66291F9-90C8-4C2F-B2BF-C508067E5CCB}.Release|Any CPU.ActiveCfg = Release|Any CPU
		{A66291F9-90C8-4C2F-B2BF-C508067E5CCB}.Release|Any CPU.Build.0 = Release|Any CPU
		{A6877525-B176-40FC-A5B4-B68D7AA75889}.Debug|Any CPU.ActiveCfg = Debug|Any CPU
		{A6877525-B176-40FC-A5B4-B68D7AA75889}.Debug|Any CPU.Build.0 = Debug|Any CPU
		{A6877525-B176-40FC-A5B4-B68D7AA75889}.Release|Any CPU.ActiveCfg = Release|Any CPU
		{A6877525-B176-40FC-A5B4-B68D7AA75889}.Release|Any CPU.Build.0 = Release|Any CPU
		{1CBC9810-B032-4B93-9696-D3768735E8B6}.Debug|Any CPU.ActiveCfg = Debug|Any CPU
		{1CBC9810-B032-4B93-9696-D3768735E8B6}.Debug|Any CPU.Build.0 = Debug|Any CPU
		{1CBC9810-B032-4B93-9696-D3768735E8B6}.Release|Any CPU.ActiveCfg = Release|Any CPU
		{1CBC9810-B032-4B93-9696-D3768735E8B6}.Release|Any CPU.Build.0 = Release|Any CPU
	EndGlobalSection
	GlobalSection(SolutionProperties) = preSolution
		HideSolutionNode = FALSE
	EndGlobalSection
	GlobalSection(NestedProjects) = preSolution
		{34F089FD-12BA-4C65-A6BF-E7C1B8DF01E4} = {3CDA70F7-81D5-4FAB-9401-B202ECE013BF}
		{7044ECA3-5B97-462E-9D6E-D181465D8DEF} = {3CDA70F7-81D5-4FAB-9401-B202ECE013BF}
		{EF689C42-FED4-44EE-A8CB-9C3B7E065EDF} = {3CDA70F7-81D5-4FAB-9401-B202ECE013BF}
		{FBEEA4A7-D144-457F-8131-984D1A84B4DD} = {3CDA70F7-81D5-4FAB-9401-B202ECE013BF}
		{25B3BE1E-2AFC-42D5-865E-6780594DFDCD} = {3CDA70F7-81D5-4FAB-9401-B202ECE013BF}
		{5BC5EED2-B698-4C18-A843-1F3F6D07E576} = {34F089FD-12BA-4C65-A6BF-E7C1B8DF01E4}
		{0E8FE3FE-0E70-46C0-BDFF-AD944B1CCC13} = {5BC5EED2-B698-4C18-A843-1F3F6D07E576}
		{D860857E-B092-46FC-8D5E-98DE065928EB} = {25B3BE1E-2AFC-42D5-865E-6780594DFDCD}
		{B7C944E0-4A94-4327-8B6C-65CB435541C3} = {FBEEA4A7-D144-457F-8131-984D1A84B4DD}
		{EDC663C7-8432-4D5B-B0BC-2E815E58B014} = {EF689C42-FED4-44EE-A8CB-9C3B7E065EDF}
		{2C16FF04-6844-4DC7-A86E-E496A40DF34A} = {EDC663C7-8432-4D5B-B0BC-2E815E58B014}
		{E5046CE3-3E93-4136-864E-27F6BF5C684C} = {7044ECA3-5B97-462E-9D6E-D181465D8DEF}
		{A66291F9-90C8-4C2F-B2BF-C508067E5CCB} = {E5046CE3-3E93-4136-864E-27F6BF5C684C}
		{A6877525-B176-40FC-A5B4-B68D7AA75889} = {D860857E-B092-46FC-8D5E-98DE065928EB}
		{1CBC9810-B032-4B93-9696-D3768735E8B6} = {B7C944E0-4A94-4327-8B6C-65CB435541C3}
	EndGlobalSection
	GlobalSection(ExtensibilityGlobals) = postSolution
		SolutionGuid = {EC631B77-E559-4AF5-9F6D-FE00C8B4414F}
	EndGlobalSection
EndGlobal
